PODS:
  - DACircularProgress (2.2.0)
  - EaseMobSDK (2.1.0)
  - MagicalRecord/Shorthand (2.2)
  - MBProgressHUD (0.9)
  - MWPhotoBrowser (1.4.1):
    - DACircularProgress
    - MBProgressHUD (~> 0.8)
    - PSTCollectionView (~> 1.2)
    - SDWebImage (~> 3.7)
  - PSTCollectionView (1.2.3)
  - SDWebImage (3.7.1):
    - SDWebImage/Core
  - SDWebImage/Core (3.7.1)
  - THProgressView (1.0)
  - WCAlertView (1.0.1)

DEPENDENCIES:
  - EaseMobSDK
  - MagicalRecord/Shorthand
  - MBProgressHUD
  - MWPhotoBrowser
  - THProgressView
  - WCAlertView

SPEC CHECKSUMS:
  DACircularProgress: 3b41941891a56dc6aa17971f5322a9a38a6f446e
  EaseMobSDK: 63f37ee58fbe75c4b975c89c67ea9a8813645ddb
  MagicalRecord: 2b471584fc9e3137f3d0a56967917baa4979e224
  MBProgressHUD: 2038dbcf3dce73215abed6001657043d53aa79a8
  MWPhotoBrowser: be05b3b7521e961382a4ba5579685bf5a00b93d8
  PSTCollectionView: d9f466e4554cc83260ca9bde7beb27f308e8fd76
  SDWebImage: 116e88633b5b416ea0ca4b334a4ac59cf72dd38d
  THProgressView: 083589a96d15ee94329a27cab1d1a79111722efa
  WCAlertView: 91e70d413b87d4e97f7c42574ef6a6b46881baf9

COCOAPODS: 0.34.2
